
Microsoft Visual Studio Solution File, Format Version 12.00
# Visual Studio Version 17
VisualStudioVersion = 17.13.35931.197
MinimumVisualStudioVersion = 10.0.40219.1
Project("{FAE04EC0-301F-11D3-BF4B-00C04F79EFBC}") = "ProductManagementMicroservices", "ProductManagementMicroservices.csproj", "{50FA0E20-A640-4678-B914-1F40E064D89E}"
EndProject
Project("{2150E333-8FDC-42A3-9474-1A3956D46DE8}") = "src", "src", "{827E0CD3-B72D-47B6-A68D-7590B98EB39B}"
EndProject
Project("{2150E333-8FDC-42A3-9474-1A3956D46DE8}") = "Shared", "Shared", "{C8E42992-5E42-0C2B-DBFE-AA848D06431C}"
EndProject
Project("{FAE04EC0-301F-11D3-BF4B-00C04F79EFBC}") = "Shared.Common", "src\Shared\Shared.Common\Shared.Common.csproj", "{C7CEC673-BA8A-4ACC-AFEA-7480F4218CC3}"
EndProject
Project("{2150E333-8FDC-42A3-9474-1A3956D46DE8}") = "Services", "Services", "{984BB9B3-3FA3-BE33-9484-CAC21695A33C}"
EndProject
Project("{2150E333-8FDC-42A3-9474-1A3956D46DE8}") = "Auth", "Auth", "{473EF3C4-73FA-6715-AA3C-7C7929374EED}"
EndProject
Project("{FAE04EC0-301F-11D3-BF4B-00C04F79EFBC}") = "Auth.Core", "src\Services\Auth\Auth.Core\Auth.Core.csproj", "{54E081DC-CC68-4612-9625-AB6CD723B783}"
EndProject
Project("{FAE04EC0-301F-11D3-BF4B-00C04F79EFBC}") = "Auth.Application", "src\Services\Auth\Auth.Application\Auth.Application.csproj", "{C409AE35-1BA0-429A-A74B-F7CFEAF640E4}"
EndProject
Project("{FAE04EC0-301F-11D3-BF4B-00C04F79EFBC}") = "Auth.Infrastructure", "src\Services\Auth\Auth.Infrastructure\Auth.Infrastructure.csproj", "{CA2D9154-FF48-4DB6-9F7F-AA5F7F104B1E}"
EndProject
Project("{FAE04EC0-301F-11D3-BF4B-00C04F79EFBC}") = "Auth.API", "src\Services\Auth\Auth.API\Auth.API.csproj", "{4EF1A214-55D2-4992-9FC3-A087A781C39B}"
EndProject
Project("{2150E333-8FDC-42A3-9474-1A3956D46DE8}") = "Product", "Product", "{374CED38-7421-B0F7-DFE2-3AF3B9F49E7C}"
EndProject
Project("{FAE04EC0-301F-11D3-BF4B-00C04F79EFBC}") = "Product.Core", "src\Services\Product\Product.Core\Product.Core.csproj", "{255AF0BE-7459-43C4-8D96-361AD7A0D4CE}"
EndProject
Project("{FAE04EC0-301F-11D3-BF4B-00C04F79EFBC}") = "Product.Application", "src\Services\Product\Product.Application\Product.Application.csproj", "{02C9CC77-6603-47BC-B9EB-D49367154492}"
EndProject
Project("{FAE04EC0-301F-11D3-BF4B-00C04F79EFBC}") = "Product.Infrastructure", "src\Services\Product\Product.Infrastructure\Product.Infrastructure.csproj", "{F12675E0-E000-43B8-85A4-4868252C1791}"
EndProject
Project("{FAE04EC0-301F-11D3-BF4B-00C04F79EFBC}") = "Product.API", "src\Services\Product\Product.API\Product.API.csproj", "{3DC60CD2-2197-4A50-BB7C-F825C174F96A}"
EndProject
Project("{2150E333-8FDC-42A3-9474-1A3956D46DE8}") = "Log", "Log", "{697C5827-D3B4-F960-36FE-554EC836B5EA}"
EndProject
Project("{FAE04EC0-301F-11D3-BF4B-00C04F79EFBC}") = "Log.API", "src\Services\Log\Log.API\Log.API.csproj", "{1F437896-4643-455D-AA4E-93336A97CB86}"
EndProject
Project("{2150E333-8FDC-42A3-9474-1A3956D46DE8}") = "Gateway", "Gateway", "{6306A8FB-679E-111F-6585-8F70E0EE6013}"
EndProject
Project("{FAE04EC0-301F-11D3-BF4B-00C04F79EFBC}") = "ApiGateway", "src\Gateway\ApiGateway\ApiGateway.csproj", "{23DDBBF3-0D63-4838-9494-2B007DA13ABB}"
EndProject
Global
	GlobalSection(SolutionConfigurationPlatforms) = preSolution
		Debug|Any CPU = Debug|Any CPU
		Debug|x64 = Debug|x64
		Debug|x86 = Debug|x86
		Release|Any CPU = Release|Any CPU
		Release|x64 = Release|x64
		Release|x86 = Release|x86
	EndGlobalSection
	GlobalSection(ProjectConfigurationPlatforms) = postSolution
		{50FA0E20-A640-4678-B914-1F40E064D89E}.Debug|Any CPU.ActiveCfg = Debug|Any CPU
		{50FA0E20-A640-4678-B914-1F40E064D89E}.Debug|Any CPU.Build.0 = Debug|Any CPU
		{50FA0E20-A640-4678-B914-1F40E064D89E}.Debug|x64.ActiveCfg = Debug|Any CPU
		{50FA0E20-A640-4678-B914-1F40E064D89E}.Debug|x64.Build.0 = Debug|Any CPU
		{50FA0E20-A640-4678-B914-1F40E064D89E}.Debug|x86.ActiveCfg = Debug|Any CPU
		{50FA0E20-A640-4678-B914-1F40E064D89E}.Debug|x86.Build.0 = Debug|Any CPU
		{50FA0E20-A640-4678-B914-1F40E064D89E}.Release|Any CPU.ActiveCfg = Release|Any CPU
		{50FA0E20-A640-4678-B914-1F40E064D89E}.Release|Any CPU.Build.0 = Release|Any CPU
		{50FA0E20-A640-4678-B914-1F40E064D89E}.Release|x64.ActiveCfg = Release|Any CPU
		{50FA0E20-A640-4678-B914-1F40E064D89E}.Release|x64.Build.0 = Release|Any CPU
		{50FA0E20-A640-4678-B914-1F40E064D89E}.Release|x86.ActiveCfg = Release|Any CPU
		{50FA0E20-A640-4678-B914-1F40E064D89E}.Release|x86.Build.0 = Release|Any CPU
		{C7CEC673-BA8A-4ACC-AFEA-7480F4218CC3}.Debug|Any CPU.ActiveCfg = Debug|Any CPU
		{C7CEC673-BA8A-4ACC-AFEA-7480F4218CC3}.Debug|Any CPU.Build.0 = Debug|Any CPU
		{C7CEC673-BA8A-4ACC-AFEA-7480F4218CC3}.Debug|x64.ActiveCfg = Debug|Any CPU
		{C7CEC673-BA8A-4ACC-AFEA-7480F4218CC3}.Debug|x64.Build.0 = Debug|Any CPU
		{C7CEC673-BA8A-4ACC-AFEA-7480F4218CC3}.Debug|x86.ActiveCfg = Debug|Any CPU
		{C7CEC673-BA8A-4ACC-AFEA-7480F4218CC3}.Debug|x86.Build.0 = Debug|Any CPU
		{C7CEC673-BA8A-4ACC-AFEA-7480F4218CC3}.Release|Any CPU.ActiveCfg = Release|Any CPU
		{C7CEC673-BA8A-4ACC-AFEA-7480F4218CC3}.Release|Any CPU.Build.0 = Release|Any CPU
		{C7CEC673-BA8A-4ACC-AFEA-7480F4218CC3}.Release|x64.ActiveCfg = Release|Any CPU
		{C7CEC673-BA8A-4ACC-AFEA-7480F4218CC3}.Release|x64.Build.0 = Release|Any CPU
		{C7CEC673-BA8A-4ACC-AFEA-7480F4218CC3}.Release|x86.ActiveCfg = Release|Any CPU
		{C7CEC673-BA8A-4ACC-AFEA-7480F4218CC3}.Release|x86.Build.0 = Release|Any CPU
		{54E081DC-CC68-4612-9625-AB6CD723B783}.Debug|Any CPU.ActiveCfg = Debug|Any CPU
		{54E081DC-CC68-4612-9625-AB6CD723B783}.Debug|Any CPU.Build.0 = Debug|Any CPU
		{54E081DC-CC68-4612-9625-AB6CD723B783}.Debug|x64.ActiveCfg = Debug|Any CPU
		{54E081DC-CC68-4612-9625-AB6CD723B783}.Debug|x64.Build.0 = Debug|Any CPU
		{54E081DC-CC68-4612-9625-AB6CD723B783}.Debug|x86.ActiveCfg = Debug|Any CPU
		{54E081DC-CC68-4612-9625-AB6CD723B783}.Debug|x86.Build.0 = Debug|Any CPU
		{54E081DC-CC68-4612-9625-AB6CD723B783}.Release|Any CPU.ActiveCfg = Release|Any CPU
		{54E081DC-CC68-4612-9625-AB6CD723B783}.Release|Any CPU.Build.0 = Release|Any CPU
		{54E081DC-CC68-4612-9625-AB6CD723B783}.Release|x64.ActiveCfg = Release|Any CPU
		{54E081DC-CC68-4612-9625-AB6CD723B783}.Release|x64.Build.0 = Release|Any CPU
		{54E081DC-CC68-4612-9625-AB6CD723B783}.Release|x86.ActiveCfg = Release|Any CPU
		{54E081DC-CC68-4612-9625-AB6CD723B783}.Release|x86.Build.0 = Release|Any CPU
		{C409AE35-1BA0-429A-A74B-F7CFEAF640E4}.Debug|Any CPU.ActiveCfg = Debug|Any CPU
		{C409AE35-1BA0-429A-A74B-F7CFEAF640E4}.Debug|Any CPU.Build.0 = Debug|Any CPU
		{C409AE35-1BA0-429A-A74B-F7CFEAF640E4}.Debug|x64.ActiveCfg = Debug|Any CPU
		{C409AE35-1BA0-429A-A74B-F7CFEAF640E4}.Debug|x64.Build.0 = Debug|Any CPU
		{C409AE35-1BA0-429A-A74B-F7CFEAF640E4}.Debug|x86.ActiveCfg = Debug|Any CPU
		{C409AE35-1BA0-429A-A74B-F7CFEAF640E4}.Debug|x86.Build.0 = Debug|Any CPU
		{C409AE35-1BA0-429A-A74B-F7CFEAF640E4}.Release|Any CPU.ActiveCfg = Release|Any CPU
		{C409AE35-1BA0-429A-A74B-F7CFEAF640E4}.Release|Any CPU.Build.0 = Release|Any CPU
		{C409AE35-1BA0-429A-A74B-F7CFEAF640E4}.Release|x64.ActiveCfg = Release|Any CPU
		{C409AE35-1BA0-429A-A74B-F7CFEAF640E4}.Release|x64.Build.0 = Release|Any CPU
		{C409AE35-1BA0-429A-A74B-F7CFEAF640E4}.Release|x86.ActiveCfg = Release|Any CPU
		{C409AE35-1BA0-429A-A74B-F7CFEAF640E4}.Release|x86.Build.0 = Release|Any CPU
		{CA2D9154-FF48-4DB6-9F7F-AA5F7F104B1E}.Debug|Any CPU.ActiveCfg = Debug|Any CPU
		{CA2D9154-FF48-4DB6-9F7F-AA5F7F104B1E}.Debug|Any CPU.Build.0 = Debug|Any CPU
		{CA2D9154-FF48-4DB6-9F7F-AA5F7F104B1E}.Debug|x64.ActiveCfg = Debug|Any CPU
		{CA2D9154-FF48-4DB6-9F7F-AA5F7F104B1E}.Debug|x64.Build.0 = Debug|Any CPU
		{CA2D9154-FF48-4DB6-9F7F-AA5F7F104B1E}.Debug|x86.ActiveCfg = Debug|Any CPU
		{CA2D9154-FF48-4DB6-9F7F-AA5F7F104B1E}.Debug|x86.Build.0 = Debug|Any CPU
		{CA2D9154-FF48-4DB6-9F7F-AA5F7F104B1E}.Release|Any CPU.ActiveCfg = Release|Any CPU
		{CA2D9154-FF48-4DB6-9F7F-AA5F7F104B1E}.Release|Any CPU.Build.0 = Release|Any CPU
		{CA2D9154-FF48-4DB6-9F7F-AA5F7F104B1E}.Release|x64.ActiveCfg = Release|Any CPU
		{CA2D9154-FF48-4DB6-9F7F-AA5F7F104B1E}.Release|x64.Build.0 = Release|Any CPU
		{CA2D9154-FF48-4DB6-9F7F-AA5F7F104B1E}.Release|x86.ActiveCfg = Release|Any CPU
		{CA2D9154-FF48-4DB6-9F7F-AA5F7F104B1E}.Release|x86.Build.0 = Release|Any CPU
		{4EF1A214-55D2-4992-9FC3-A087A781C39B}.Debug|Any CPU.ActiveCfg = Debug|Any CPU
		{4EF1A214-55D2-4992-9FC3-A087A781C39B}.Debug|Any CPU.Build.0 = Debug|Any CPU
		{4EF1A214-55D2-4992-9FC3-A087A781C39B}.Debug|x64.ActiveCfg = Debug|Any CPU
		{4EF1A214-55D2-4992-9FC3-A087A781C39B}.Debug|x64.Build.0 = Debug|Any CPU
		{4EF1A214-55D2-4992-9FC3-A087A781C39B}.Debug|x86.ActiveCfg = Debug|Any CPU
		{4EF1A214-55D2-4992-9FC3-A087A781C39B}.Debug|x86.Build.0 = Debug|Any CPU
		{4EF1A214-55D2-4992-9FC3-A087A781C39B}.Release|Any CPU.ActiveCfg = Release|Any CPU
		{4EF1A214-55D2-4992-9FC3-A087A781C39B}.Release|Any CPU.Build.0 = Release|Any CPU
		{4EF1A214-55D2-4992-9FC3-A087A781C39B}.Release|x64.ActiveCfg = Release|Any CPU
		{4EF1A214-55D2-4992-9FC3-A087A781C39B}.Release|x64.Build.0 = Release|Any CPU
		{4EF1A214-55D2-4992-9FC3-A087A781C39B}.Release|x86.ActiveCfg = Release|Any CPU
		{4EF1A214-55D2-4992-9FC3-A087A781C39B}.Release|x86.Build.0 = Release|Any CPU
		{255AF0BE-7459-43C4-8D96-361AD7A0D4CE}.Debug|Any CPU.ActiveCfg = Debug|Any CPU
		{255AF0BE-7459-43C4-8D96-361AD7A0D4CE}.Debug|Any CPU.Build.0 = Debug|Any CPU
		{255AF0BE-7459-43C4-8D96-361AD7A0D4CE}.Debug|x64.ActiveCfg = Debug|Any CPU
		{255AF0BE-7459-43C4-8D96-361AD7A0D4CE}.Debug|x64.Build.0 = Debug|Any CPU
		{255AF0BE-7459-43C4-8D96-361AD7A0D4CE}.Debug|x86.ActiveCfg = Debug|Any CPU
		{255AF0BE-7459-43C4-8D96-361AD7A0D4CE}.Debug|x86.Build.0 = Debug|Any CPU
		{255AF0BE-7459-43C4-8D96-361AD7A0D4CE}.Release|Any CPU.ActiveCfg = Release|Any CPU
		{255AF0BE-7459-43C4-8D96-361AD7A0D4CE}.Release|Any CPU.Build.0 = Release|Any CPU
		{255AF0BE-7459-43C4-8D96-361AD7A0D4CE}.Release|x64.ActiveCfg = Release|Any CPU
		{255AF0BE-7459-43C4-8D96-361AD7A0D4CE}.Release|x64.Build.0 = Release|Any CPU
		{255AF0BE-7459-43C4-8D96-361AD7A0D4CE}.Release|x86.ActiveCfg = Release|Any CPU
		{255AF0BE-7459-43C4-8D96-361AD7A0D4CE}.Release|x86.Build.0 = Release|Any CPU
		{02C9CC77-6603-47BC-B9EB-D49367154492}.Debug|Any CPU.ActiveCfg = Debug|Any CPU
		{02C9CC77-6603-47BC-B9EB-D49367154492}.Debug|Any CPU.Build.0 = Debug|Any CPU
		{02C9CC77-6603-47BC-B9EB-D49367154492}.Debug|x64.ActiveCfg = Debug|Any CPU
		{02C9CC77-6603-47BC-B9EB-D49367154492}.Debug|x64.Build.0 = Debug|Any CPU
		{02C9CC77-6603-47BC-B9EB-D49367154492}.Debug|x86.ActiveCfg = Debug|Any CPU
		{02C9CC77-6603-47BC-B9EB-D49367154492}.Debug|x86.Build.0 = Debug|Any CPU
		{02C9CC77-6603-47BC-B9EB-D49367154492}.Release|Any CPU.ActiveCfg = Release|Any CPU
		{02C9CC77-6603-47BC-B9EB-D49367154492}.Release|Any CPU.Build.0 = Release|Any CPU
		{02C9CC77-6603-47BC-B9EB-D49367154492}.Release|x64.ActiveCfg = Release|Any CPU
		{02C9CC77-6603-47BC-B9EB-D49367154492}.Release|x64.Build.0 = Release|Any CPU
		{02C9CC77-6603-47BC-B9EB-D49367154492}.Release|x86.ActiveCfg = Release|Any CPU
		{02C9CC77-6603-47BC-B9EB-D49367154492}.Release|x86.Build.0 = Release|Any CPU
		{F12675E0-E000-43B8-85A4-4868252C1791}.Debug|Any CPU.ActiveCfg = Debug|Any CPU
		{F12675E0-E000-43B8-85A4-4868252C1791}.Debug|Any CPU.Build.0 = Debug|Any CPU
		{F12675E0-E000-43B8-85A4-4868252C1791}.Debug|x64.ActiveCfg = Debug|Any CPU
		{F12675E0-E000-43B8-85A4-4868252C1791}.Debug|x64.Build.0 = Debug|Any CPU
		{F12675E0-E000-43B8-85A4-4868252C1791}.Debug|x86.ActiveCfg = Debug|Any CPU
		{F12675E0-E000-43B8-85A4-4868252C1791}.Debug|x86.Build.0 = Debug|Any CPU
		{F12675E0-E000-43B8-85A4-4868252C1791}.Release|Any CPU.ActiveCfg = Release|Any CPU
		{F12675E0-E000-43B8-85A4-4868252C1791}.Release|Any CPU.Build.0 = Release|Any CPU
		{F12675E0-E000-43B8-85A4-4868252C1791}.Release|x64.ActiveCfg = Release|Any CPU
		{F12675E0-E000-43B8-85A4-4868252C1791}.Release|x64.Build.0 = Release|Any CPU
		{F12675E0-E000-43B8-85A4-4868252C1791}.Release|x86.ActiveCfg = Release|Any CPU
		{F12675E0-E000-43B8-85A4-4868252C1791}.Release|x86.Build.0 = Release|Any CPU
		{3DC60CD2-2197-4A50-BB7C-F825C174F96A}.Debug|Any CPU.ActiveCfg = Debug|Any CPU
		{3DC60CD2-2197-4A50-BB7C-F825C174F96A}.Debug|Any CPU.Build.0 = Debug|Any CPU
		{3DC60CD2-2197-4A50-BB7C-F825C174F96A}.Debug|x64.ActiveCfg = Debug|Any CPU
		{3DC60CD2-2197-4A50-BB7C-F825C174F96A}.Debug|x64.Build.0 = Debug|Any CPU
		{3DC60CD2-2197-4A50-BB7C-F825C174F96A}.Debug|x86.ActiveCfg = Debug|Any CPU
		{3DC60CD2-2197-4A50-BB7C-F825C174F96A}.Debug|x86.Build.0 = Debug|Any CPU
		{3DC60CD2-2197-4A50-BB7C-F825C174F96A}.Release|Any CPU.ActiveCfg = Release|Any CPU
		{3DC60CD2-2197-4A50-BB7C-F825C174F96A}.Release|Any CPU.Build.0 = Release|Any CPU
		{3DC60CD2-2197-4A50-BB7C-F825C174F96A}.Release|x64.ActiveCfg = Release|Any CPU
		{3DC60CD2-2197-4A50-BB7C-F825C174F96A}.Release|x64.Build.0 = Release|Any CPU
		{3DC60CD2-2197-4A50-BB7C-F825C174F96A}.Release|x86.ActiveCfg = Release|Any CPU
		{3DC60CD2-2197-4A50-BB7C-F825C174F96A}.Release|x86.Build.0 = Release|Any CPU
		{1F437896-4643-455D-AA4E-93336A97CB86}.Debug|Any CPU.ActiveCfg = Debug|Any CPU
		{1F437896-4643-455D-AA4E-93336A97CB86}.Debug|Any CPU.Build.0 = Debug|Any CPU
		{1F437896-4643-455D-AA4E-93336A97CB86}.Debug|x64.ActiveCfg = Debug|Any CPU
		{1F437896-4643-455D-AA4E-93336A97CB86}.Debug|x64.Build.0 = Debug|Any CPU
		{1F437896-4643-455D-AA4E-93336A97CB86}.Debug|x86.ActiveCfg = Debug|Any CPU
		{1F437896-4643-455D-AA4E-93336A97CB86}.Debug|x86.Build.0 = Debug|Any CPU
		{1F437896-4643-455D-AA4E-93336A97CB86}.Release|Any CPU.ActiveCfg = Release|Any CPU
		{1F437896-4643-455D-AA4E-93336A97CB86}.Release|Any CPU.Build.0 = Release|Any CPU
		{1F437896-4643-455D-AA4E-93336A97CB86}.Release|x64.ActiveCfg = Release|Any CPU
		{1F437896-4643-455D-AA4E-93336A97CB86}.Release|x64.Build.0 = Release|Any CPU
		{1F437896-4643-455D-AA4E-93336A97CB86}.Release|x86.ActiveCfg = Release|Any CPU
		{1F437896-4643-455D-AA4E-93336A97CB86}.Release|x86.Build.0 = Release|Any CPU
		{23DDBBF3-0D63-4838-9494-2B007DA13ABB}.Debug|Any CPU.ActiveCfg = Debug|Any CPU
		{23DDBBF3-0D63-4838-9494-2B007DA13ABB}.Debug|Any CPU.Build.0 = Debug|Any CPU
		{23DDBBF3-0D63-4838-9494-2B007DA13ABB}.Debug|x64.ActiveCfg = Debug|Any CPU
		{23DDBBF3-0D63-4838-9494-2B007DA13ABB}.Debug|x64.Build.0 = Debug|Any CPU
		{23DDBBF3-0D63-4838-9494-2B007DA13ABB}.Debug|x86.ActiveCfg = Debug|Any CPU
		{23DDBBF3-0D63-4838-9494-2B007DA13ABB}.Debug|x86.Build.0 = Debug|Any CPU
		{23DDBBF3-0D63-4838-9494-2B007DA13ABB}.Release|Any CPU.ActiveCfg = Release|Any CPU
		{23DDBBF3-0D63-4838-9494-2B007DA13ABB}.Release|Any CPU.Build.0 = Release|Any CPU
		{23DDBBF3-0D63-4838-9494-2B007DA13ABB}.Release|x64.ActiveCfg = Release|Any CPU
		{23DDBBF3-0D63-4838-9494-2B007DA13ABB}.Release|x64.Build.0 = Release|Any CPU
		{23DDBBF3-0D63-4838-9494-2B007DA13ABB}.Release|x86.ActiveCfg = Release|Any CPU
		{23DDBBF3-0D63-4838-9494-2B007DA13ABB}.Release|x86.Build.0 = Release|Any CPU
	EndGlobalSection
	GlobalSection(SolutionProperties) = preSolution
		HideSolutionNode = FALSE
	EndGlobalSection
	GlobalSection(NestedProjects) = preSolution
		{C8E42992-5E42-0C2B-DBFE-AA848D06431C} = {827E0CD3-B72D-47B6-A68D-7590B98EB39B}
		{C7CEC673-BA8A-4ACC-AFEA-7480F4218CC3} = {C8E42992-5E42-0C2B-DBFE-AA848D06431C}
		{984BB9B3-3FA3-BE33-9484-CAC21695A33C} = {827E0CD3-B72D-47B6-A68D-7590B98EB39B}
		{473EF3C4-73FA-6715-AA3C-7C7929374EED} = {984BB9B3-3FA3-BE33-9484-CAC21695A33C}
		{54E081DC-CC68-4612-9625-AB6CD723B783} = {473EF3C4-73FA-6715-AA3C-7C7929374EED}
		{C409AE35-1BA0-429A-A74B-F7CFEAF640E4} = {473EF3C4-73FA-6715-AA3C-7C7929374EED}
		{CA2D9154-FF48-4DB6-9F7F-AA5F7F104B1E} = {473EF3C4-73FA-6715-AA3C-7C7929374EED}
		{4EF1A214-55D2-4992-9FC3-A087A781C39B} = {473EF3C4-73FA-6715-AA3C-7C7929374EED}
		{374CED38-7421-B0F7-DFE2-3AF3B9F49E7C} = {984BB9B3-3FA3-BE33-9484-CAC21695A33C}
		{255AF0BE-7459-43C4-8D96-361AD7A0D4CE} = {374CED38-7421-B0F7-DFE2-3AF3B9F49E7C}
		{02C9CC77-6603-47BC-B9EB-D49367154492} = {374CED38-7421-B0F7-DFE2-3AF3B9F49E7C}
		{F12675E0-E000-43B8-85A4-4868252C1791} = {374CED38-7421-B0F7-DFE2-3AF3B9F49E7C}
		{3DC60CD2-2197-4A50-BB7C-F825C174F96A} = {374CED38-7421-B0F7-DFE2-3AF3B9F49E7C}
		{697C5827-D3B4-F960-36FE-554EC836B5EA} = {984BB9B3-3FA3-BE33-9484-CAC21695A33C}
		{1F437896-4643-455D-AA4E-93336A97CB86} = {697C5827-D3B4-F960-36FE-554EC836B5EA}
		{6306A8FB-679E-111F-6585-8F70E0EE6013} = {827E0CD3-B72D-47B6-A68D-7590B98EB39B}
		{23DDBBF3-0D63-4838-9494-2B007DA13ABB} = {6306A8FB-679E-111F-6585-8F70E0EE6013}
	EndGlobalSection
	GlobalSection(ExtensibilityGlobals) = postSolution
		SolutionGuid = {BB2265D1-72D1-4850-B258-A657CF7BBED1}
	EndGlobalSection
EndGlobal
